
Microsoft Visual Studio Solution File, Format Version 12.00
# Visual Studio Version 16
VisualStudioVersion = 16.0.33027.164
MinimumVisualStudioVersion = 10.0.40219.1
Project("{8BC9CEB8-8B4A-11D0-8D11-00A0C91BC942}") = "Project1", "Project1\Project1.vcxproj", "{695C48DD-8D28-429B-B73D-3C5CFCDFAAF4}"
EndProject
Global
	GlobalSection(SolutionConfigurationPlatforms) = preSolution
		Debug|x64 = Debug|x64
		Debug|x86 = Debug|x86
		Release|x64 = Release|x64
		Release|x86 = Release|x86
	EndGlobalSection
	GlobalSection(ProjectConfigurationPlatforms) = postSolution
		{695C48DD-8D28-429B-B73D-3C5CFCDFAAF4}.Debug|x64.ActiveCfg = Debug|x64
		{695C48DD-8D28-429B-B73D-3C5CFCDFAAF4}.Debug|x64.Build.0 = Debug|x64
		{695C48DD-8D28-429B-B73D-3C5CFCDFAAF4}.Debug|x86.ActiveCfg = Debug|Win32
		{695C48DD-8D28-429B-B73D-3C5CFCDFAAF4}.Debug|x86.Build.0 = Debug|Win32
		{695C48DD-8D28-429B-B73D-3C5CFCDFAAF4}.Release|x64.ActiveCfg = Release|x64
		{695C48DD-8D28-429B-B73D-3C5CFCDFAAF4}.Release|x64.Build.0 = Release|x64
		{695C48DD-8D28-429B-B73D-3C5CFCDFAAF4}.Release|x86.ActiveCfg = Release|Win32
		{695C48DD-8D28-429B-B73D-3C5CFCDFAAF4}.Release|x86.Build.0 = Release|Win32
	EndGlobalSection
	GlobalSection(SolutionProperties) = preSolution
		HideSolutionNode = FALSE
	EndGlobalSection
	GlobalSection(ExtensibilityGlobals) = postSolution
		SolutionGuid = {6B5097F2-BAAA-426E-8525-B7CC7E4D3E1B}
	EndGlobalSection
EndGlobal
